// !$*UTF8*$!
{
	archiveVersion = 1;
	classes = {
	};
	objectVersion = 50;
	objects = {

/* Begin PBXBuildFile section */
		6A97321725BE1F350091CD47 /* AppDelegate.swift in Sources */ = {isa = PBXBuildFile; fileRef = 6A97321625BE1F350091CD47 /* AppDelegate.swift */; };
		6A97321925BE1F350091CD47 /* SceneDelegate.swift in Sources */ = {isa = PBXBuildFile; fileRef = 6A97321825BE1F350091CD47 /* SceneDelegate.swift */; };
		6A97321B25BE1F350091CD47 /* ViewController.swift in Sources */ = {isa = PBXBuildFile; fileRef = 6A97321A25BE1F350091CD47 /* ViewController.swift */; };
		6A97321E25BE1F350091CD47 /* Main.storyboard in Resources */ = {isa = PBXBuildFile; fileRef = 6A97321C25BE1F350091CD47 /* Main.storyboard */; };
		6A97322025BE1F390091CD47 /* Assets.xcassets in Resources */ = {isa = PBXBuildFile; fileRef = 6A97321F25BE1F390091CD47 /* Assets.xcassets */; };
		6A97322325BE1F390091CD47 /* LaunchScreen.storyboard in Resources */ = {isa = PBXBuildFile; fileRef = 6A97322125BE1F390091CD47 /* LaunchScreen.storyboard */; };
		6A97322E25BE1F3A0091CD47 /* Tip_CalculatorTests.swift in Sources */ = {isa = PBXBuildFile; fileRef = 6A97322D25BE1F3A0091CD47 /* Tip_CalculatorTests.swift */; };
		6A97323925BE1F3A0091CD47 /* Tip_CalculatorUITests.swift in Sources */ = {isa = PBXBuildFile; fileRef = 6A97323825BE1F3A0091CD47 /* Tip_CalculatorUITests.swift */; };
		6A97324A25BE2FEA0091CD47 /* SettingsViewController.swift in Sources */ = {isa = PBXBuildFile; fileRef = 6A97324925BE2FEA0091CD47 /* SettingsViewController.swift */; };
/* End PBXBuildFile section */

/* Begin PBXContainerItemProxy section */
		6A97322A25BE1F3A0091CD47 /* PBXContainerItemProxy */ = {
			isa = PBXContainerItemProxy;
			containerPortal = 6A97320B25BE1F340091CD47 /* Project object */;
			proxyType = 1;
			remoteGlobalIDString = 6A97321225BE1F350091CD47;
			remoteInfo = "Tip Calculator";
		};
		6A97323525BE1F3A0091CD47 /* PBXContainerItemProxy */ = {
			isa = PBXContainerItemProxy;
			containerPortal = 6A97320B25BE1F340091CD47 /* Project object */;
			proxyType = 1;
			remoteGlobalIDString = 6A97321225BE1F350091CD47;
			remoteInfo = "Tip Calculator";
		};
/* End PBXContainerItemProxy section */

/* Begin PBXFileReference section */
		6A97321325BE1F350091CD47 /* Tip Calculator.app */ = {isa = PBXFileReference; explicitFileType = wrapper.application; includeInIndex = 0; path = "Tip Calculator.app"; sourceTree = BUILT_PRODUCTS_DIR; };
		6A97321625BE1F350091CD47 /* AppDelegate.swift */ = {isa = PBXFileReference; lastKnownFileType = sourcecode.swift; path = AppDelegate.swift; sourceTree = "<group>"; };
		6A97321825BE1F350091CD47 /* SceneDelegate.swift */ = {isa = PBXFileReference; lastKnownFileType = sourcecode.swift; path = SceneDelegate.swift; sourceTree = "<group>"; };
		6A97321A25BE1F350091CD47 /* ViewController.swift */ = {isa = PBXFileReference; lastKnownFileType = sourcecode.swift; path = ViewController.swift; sourceTree = "<group>"; };
		6A97321D25BE1F350091CD47 /* Base */ = {isa = PBXFileReference; lastKnownFileType = file.storyboard; name = Base; path = Base.lproj/Main.storyboard; sourceTree = "<group>"; };
		6A97321F25BE1F390091CD47 /* Assets.xcassets */ = {isa = PBXFileReference; lastKnownFileType = folder.assetcatalog; path = Assets.xcassets; sourceTree = "<group>"; };
		6A97322225BE1F390091CD47 /* Base */ = {isa = PBXFileReference; lastKnownFileType = file.storyboard; name = Base; path = Base.lproj/LaunchScreen.storyboard; sourceTree = "<group>"; };
		6A97322425BE1F390091CD47 /* Info.plist */ = {isa = PBXFileReference; lastKnownFileType = text.plist.xml; path = Info.plist; sourceTree = "<group>"; };
		6A97322925BE1F3A0091CD47 /* Tip CalculatorTests.xctest */ = {isa = PBXFileReference; explicitFileType = wrapper.cfbundle; includeInIndex = 0; path = "Tip CalculatorTests.xctest"; sourceTree = BUILT_PRODUCTS_DIR; };
		6A97322D25BE1F3A0091CD47 /* Tip_CalculatorTests.swift */ = {isa = PBXFileReference; lastKnownFileType = sourcecode.swift; path = Tip_CalculatorTests.swift; sourceTree = "<group>"; };
		6A97322F25BE1F3A0091CD47 /* Info.plist */ = {isa = PBXFileReference; lastKnownFileType = text.plist.xml; path = Info.plist; sourceTree = "<group>"; };
		6A97323425BE1F3A0091CD47 /* Tip CalculatorUITests.xctest */ = {isa = PBXFileReference; explicitFileType = wrapper.cfbundle; includeInIndex = 0; path = "Tip CalculatorUITests.xctest"; sourceTree = BUILT_PRODUCTS_DIR; };
		6A97323825BE1F3A0091CD47 /* Tip_CalculatorUITests.swift */ = {isa = PBXFileReference; lastKnownFileType = sourcecode.swift; path = Tip_CalculatorUITests.swift; sourceTree = "<group>"; };
		6A97323A25BE1F3A0091CD47 /* Info.plist */ = {isa = PBXFileReference; lastKnownFileType = text.plist.xml; path = Info.plist; sourceTree = "<group>"; };
		6A97324925BE2FEA0091CD47 /* SettingsViewController.swift */ = {isa = PBXFileReference; lastKnownFileType = sourcecode.swift; path = SettingsViewController.swift; sourceTree = "<group>"; };
/* End PBXFileReference section */

/* Begin PBXFrameworksBuildPhase section */
		6A97321025BE1F350091CD47 /* Frameworks */ = {
			isa = PBXFrameworksBuildPhase;
			buildActionMask = 2147483647;
			files = (
			);
			runOnlyForDeploymentPostprocessing = 0;
		};
		6A97322625BE1F3A0091CD47 /* Frameworks */ = {
			isa = PBXFrameworksBuildPhase;
			buildActionMask = 2147483647;
			files = (
			);
			runOnlyForDeploymentPostprocessing = 0;
		};
		6A97323125BE1F3A0091CD47 /* Frameworks */ = {
			isa = PBXFrameworksBuildPhase;
			buildActionMask = 2147483647;
			files = (
			);
			runOnlyForDeploymentPostprocessing = 0;
		};
/* End PBXFrameworksBuildPhase section */

/* Begin PBXGroup section */
		6A97320A25BE1F340091CD47 = {
			isa = PBXGroup;
			children = (
				6A97321525BE1F350091CD47 /* Tip Calculator */,
				6A97322C25BE1F3A0091CD47 /* Tip CalculatorTests */,
				6A97323725BE1F3A0091CD47 /* Tip CalculatorUITests */,
				6A97321425BE1F350091CD47 /* Products */,
			);
			sourceTree = "<group>";
		};
		6A97321425BE1F350091CD47 /* Products */ = {
			isa = PBXGroup;
			children = (
				6A97321325BE1F350091CD47 /* Tip Calculator.app */,
				6A97322925BE1F3A0091CD47 /* Tip CalculatorTests.xctest */,
				6A97323425BE1F3A0091CD47 /* Tip CalculatorUITests.xctest */,
			);
			name = Products;
			sourceTree = "<group>";
		};
		6A97321525BE1F350091CD47 /* Tip Calculator */ = {
			isa = PBXGroup;
			children = (
				6A97321625BE1F350091CD47 /* AppDelegate.swift */,
				6A97321825BE1F350091CD47 /* SceneDelegate.swift */,
				6A97321A25BE1F350091CD47 /* ViewController.swift */,
				6A97321C25BE1F350091CD47 /* Main.storyboard */,
				6A97324925BE2FEA0091CD47 /* SettingsViewController.swift */,
				6A97321F25BE1F390091CD47 /* Assets.xcassets */,
				6A97322125BE1F390091CD47 /* LaunchScreen.storyboard */,
				6A97322425BE1F390091CD47 /* Info.plist */,
			);
			path = "Tip Calculator";
			sourceTree = "<group>";
		};
		6A97322C25BE1F3A0091CD47 /* Tip CalculatorTests */ = {
			isa = PBXGroup;
			children = (
				6A97322D25BE1F3A0091CD47 /* Tip_CalculatorTests.swift */,
				6A97322F25BE1F3A0091CD47 /* Info.plist */,
			);
			path = "Tip CalculatorTests";
			sourceTree = "<group>";
		};
		6A97323725BE1F3A0091CD47 /* Tip CalculatorUITests */ = {
			isa = PBXGroup;
			children = (
				6A97323825BE1F3A0091CD47 /* Tip_CalculatorUITests.swift */,
				6A97323A25BE1F3A0091CD47 /* Info.plist */,
			);
			path = "Tip CalculatorUITests";
			sourceTree = "<group>";
		};
/* End PBXGroup section */

/* Begin PBXNativeTarget section */
		6A97321225BE1F350091CD47 /* Tip Calculator */ = {
			isa = PBXNativeTarget;
			buildConfigurationList = 6A97323D25BE1F3A0091CD47 /* Build configuration list for PBXNativeTarget "Tip Calculator" */;
			buildPhases = (
				6A97320F25BE1F350091CD47 /* Sources */,
				6A97321025BE1F350091CD47 /* Frameworks */,
				6A97321125BE1F350091CD47 /* Resources */,
			);
			buildRules = (
			);
			dependencies = (
			);
			name = "Tip Calculator";
			productName = "Tip Calculator";
			productReference = 6A97321325BE1F350091CD47 /* Tip Calculator.app */;
			productType = "com.apple.product-type.application";
		};
		6A97322825BE1F3A0091CD47 /* Tip CalculatorTests */ = {
			isa = PBXNativeTarget;
			buildConfigurationList = 6A97324025BE1F3A0091CD47 /* Build configuration list for PBXNativeTarget "Tip CalculatorTests" */;
			buildPhases = (
				6A97322525BE1F3A0091CD47 /* Sources */,
				6A97322625BE1F3A0091CD47 /* Frameworks */,
				6A97322725BE1F3A0091CD47 /* Resources */,
			);
			buildRules = (
			);
			dependencies = (
				6A97322B25BE1F3A0091CD47 /* PBXTargetDependency */,
			);
			name = "Tip CalculatorTests";
			productName = "Tip CalculatorTests";
			productReference = 6A97322925BE1F3A0091CD47 /* Tip CalculatorTests.xctest */;
			productType = "com.apple.product-type.bundle.unit-test";
		};
		6A97323325BE1F3A0091CD47 /* Tip CalculatorUITests */ = {
			isa = PBXNativeTarget;
			buildConfigurationList = 6A97324325BE1F3A0091CD47 /* Build configuration list for PBXNativeTarget "Tip CalculatorUITests" */;
			buildPhases = (
				6A97323025BE1F3A0091CD47 /* Sources */,
				6A97323125BE1F3A0091CD47 /* Frameworks */,
				6A97323225BE1F3A0091CD47 /* Resources */,
			);
			buildRules = (
			);
			dependencies = (
				6A97323625BE1F3A0091CD47 /* PBXTargetDependency */,
			);
			name = "Tip CalculatorUITests";
			productName = "Tip CalculatorUITests";
			productReference = 6A97323425BE1F3A0091CD47 /* Tip CalculatorUITests.xctest */;
			productType = "com.apple.product-type.bundle.ui-testing";
		};
/* End PBXNativeTarget section */

/* Begin PBXProject section */
		6A97320B25BE1F340091CD47 /* Project object */ = {
			isa = PBXProject;
			attributes = {
				LastSwiftUpdateCheck = 1230;
				LastUpgradeCheck = 1230;
				TargetAttributes = {
					6A97321225BE1F350091CD47 = {
						CreatedOnToolsVersion = 12.3;
					};
					6A97322825BE1F3A0091CD47 = {
						CreatedOnToolsVersion = 12.3;
						TestTargetID = 6A97321225BE1F350091CD47;
					};
					6A97323325BE1F3A0091CD47 = {
						CreatedOnToolsVersion = 12.3;
						TestTargetID = 6A97321225BE1F350091CD47;
					};
				};
			};
			buildConfigurationList = 6A97320E25BE1F340091CD47 /* Build configuration list for PBXProject "Tip Calculator" */;
			compatibilityVersion = "Xcode 9.3";
			developmentRegion = en;
			hasScannedForEncodings = 0;
			knownRegions = (
				en,
				Base,
			);
			mainGroup = 6A97320A25BE1F340091CD47;
			productRefGroup = 6A97321425BE1F350091CD47 /* Products */;
			projectDirPath = "";
			projectRoot = "";
			targets = (
				6A97321225BE1F350091CD47 /* Tip Calculator */,
				6A97322825BE1F3A0091CD47 /* Tip CalculatorTests */,
				6A97323325BE1F3A0091CD47 /* Tip CalculatorUITests */,
			);
		};
/* End PBXProject section */

/* Begin PBXResourcesBuildPhase section */
		6A97321125BE1F350091CD47 /* Resources */ = {
			isa = PBXResourcesBuildPhase;
			buildActionMask = 2147483647;
			files = (
				6A97322325BE1F390091CD47 /* LaunchScreen.storyboard in Resources */,
				6A97322025BE1F390091CD47 /* Assets.xcassets in Resources */,
				6A97321E25BE1F350091CD47 /* Main.storyboard in Resources */,
			);
			runOnlyForDeploymentPostprocessing = 0;
		};
		6A97322725BE1F3A0091CD47 /* Resources */ = {
			isa = PBXResourcesBuildPhase;
			buildActionMask = 2147483647;
			files = (
			);
			runOnlyForDeploymentPostprocessing = 0;
		};
		6A97323225BE1F3A0091CD47 /* Resources */ = {
			isa = PBXResourcesBuildPhase;
			buildActionMask = 2147483647;
			files = (
			);
			runOnlyForDeploymentPostprocessing = 0;
		};
/* End PBXResourcesBuildPhase section */

/* Begin PBXSourcesBuildPhase section */
		6A97320F25BE1F350091CD47 /* Sources */ = {
			isa = PBXSourcesBuildPhase;
			buildActionMask = 2147483647;
			files = (
				6A97321B25BE1F350091CD47 /* ViewController.swift in Sources */,
				6A97321725BE1F350091CD47 /* AppDelegate.swift in Sources */,
				6A97321925BE1F350091CD47 /* SceneDelegate.swift in Sources */,
				6A97324A25BE2FEA0091CD47 /* SettingsViewController.swift in Sources */,
			);
			runOnlyForDeploymentPostprocessing = 0;
		};
		6A97322525BE1F3A0091CD47 /* Sources */ = {
			isa = PBXSourcesBuildPhase;
			buildActionMask = 2147483647;
			files = (
				6A97322E25BE1F3A0091CD47 /* Tip_CalculatorTests.swift in Sources */,
			);
			runOnlyForDeploymentPostprocessing = 0;
		};
		6A97323025BE1F3A0091CD47 /* Sources */ = {
			isa = PBXSourcesBuildPhase;
			buildActionMask = 2147483647;
			files = (
				6A97323925BE1F3A0091CD47 /* Tip_CalculatorUITests.swift in Sources */,
			);
			runOnlyForDeploymentPostprocessing = 0;
		};
/* End PBXSourcesBuildPhase section */

/* Begin PBXTargetDependency section */
		6A97322B25BE1F3A0091CD47 /* PBXTargetDependency */ = {
			isa = PBXTargetDependency;
			target = 6A97321225BE1F350091CD47 /* Tip Calculator */;
			targetProxy = 6A97322A25BE1F3A0091CD47 /* PBXContainerItemProxy */;
		};
		6A97323625BE1F3A0091CD47 /* PBXTargetDependency */ = {
			isa = PBXTargetDependency;
			target = 6A97321225BE1F350091CD47 /* Tip Calculator */;
			targetProxy = 6A97323525BE1F3A0091CD47 /* PBXContainerItemProxy */;
		};
/* End PBXTargetDependency section */

/* Begin PBXVariantGroup section */
		6A97321C25BE1F350091CD47 /* Main.storyboard */ = {
			isa = PBXVariantGroup;
			children = (
				6A97321D25BE1F350091CD47 /* Base */,
			);
			name = Main.storyboard;
			sourceTree = "<group>";
		};
		6A97322125BE1F390091CD47 /* LaunchScreen.storyboard */ = {
			isa = PBXVariantGroup;
			children = (
				6A97322225BE1F390091CD47 /* Base */,
			);
			name = LaunchScreen.storyboard;
			sourceTree = "<group>";
		};
/* End PBXVariantGroup section */

/* Begin XCBuildConfiguration section */
		6A97323B25BE1F3A0091CD47 /* Debug */ = {
			isa = XCBuildConfiguration;
			buildSettings = {
				ALWAYS_SEARCH_USER_PATHS = NO;
				CLANG_ANALYZER_NONNULL = YES;
				CLANG_ANALYZER_NUMBER_OBJECT_CONVERSION = YES_AGGRESSIVE;
				CLANG_CXX_LANGUAGE_STANDARD = "gnu++14";
				CLANG_CXX_LIBRARY = "libc++";
				CLANG_ENABLE_MODULES = YES;
				CLANG_ENABLE_OBJC_ARC = YES;
				CLANG_ENABLE_OBJC_WEAK = YES;
				CLANG_WARN_BLOCK_CAPTURE_AUTORELEASING = YES;
				CLANG_WARN_BOOL_CONVERSION = YES;
				CLANG_WARN_COMMA = YES;
				CLANG_WARN_CONSTANT_CONVERSION = YES;
				CLANG_WARN_DEPRECATED_OBJC_IMPLEMENTATIONS = YES;
				CLANG_WARN_DIRECT_OBJC_ISA_USAGE = YES_ERROR;
				CLANG_WARN_DOCUMENTATION_COMMENTS = YES;
				CLANG_WARN_EMPTY_BODY = YES;
				CLANG_WARN_ENUM_CONVERSION = YES;
				CLANG_WARN_INFINITE_RECURSION = YES;
				CLANG_WARN_INT_CONVERSION = YES;
				CLANG_WARN_NON_LITERAL_NULL_CONVERSION = YES;
				CLANG_WARN_OBJC_IMPLICIT_RETAIN_SELF = YES;
				CLANG_WARN_OBJC_LITERAL_CONVERSION = YES;
				CLANG_WARN_OBJC_ROOT_CLASS = YES_ERROR;
				CLANG_WARN_QUOTED_INCLUDE_IN_FRAMEWORK_HEADER = YES;
				CLANG_WARN_RANGE_LOOP_ANALYSIS = YES;
				CLANG_WARN_STRICT_PROTOTYPES = YES;
				CLANG_WARN_SUSPICIOUS_MOVE = YES;
				CLANG_WARN_UNGUARDED_AVAILABILITY = YES_AGGRESSIVE;
				CLANG_WARN_UNREACHABLE_CODE = YES;
				CLANG_WARN__DUPLICATE_METHOD_MATCH = YES;
				COPY_PHASE_STRIP = NO;
				DEBUG_INFORMATION_FORMAT = dwarf;
				ENABLE_STRICT_OBJC_MSGSEND = YES;
				ENABLE_TESTABILITY = YES;
				GCC_C_LANGUAGE_STANDARD = gnu11;
				GCC_DYNAMIC_NO_PIC = NO;
				GCC_NO_COMMON_BLOCKS = YES;
				GCC_OPTIMIZATION_LEVEL = 0;
				GCC_PREPROCESSOR_DEFINITIONS = (
					"DEBUG=1",
					"$(inherited)",
				);
				GCC_WARN_64_TO_32_BIT_CONVERSION = YES;
				GCC_WARN_ABOUT_RETURN_TYPE = YES_ERROR;
				GCC_WARN_UNDECLARED_SELECTOR = YES;
				GCC_WARN_UNINITIALIZED_AUTOS = YES_AGGRESSIVE;
				GCC_WARN_UNUSED_FUNCTION = YES;
				GCC_WARN_UNUSED_VARIABLE = YES;
				IPHONEOS_DEPLOYMENT_TARGET = 14.3;
				MTL_ENABLE_DEBUG_INFO = INCLUDE_SOURCE;
				MTL_FAST_MATH = YES;
				ONLY_ACTIVE_ARCH = YES;
				SDKROOT = iphoneos;
				SWIFT_ACTIVE_COMPILATION_CONDITIONS = DEBUG;
				SWIFT_OPTIMIZATION_LEVEL = "-Onone";
			};
			name = Debug;
		};
		6A97323C25BE1F3A0091CD47 /* Release */ = {
			isa = XCBuildConfiguration;
			buildSettings = {
				ALWAYS_SEARCH_USER_PATHS = NO;
				CLANG_ANALYZER_NONNULL = YES;
				CLANG_ANALYZER_NUMBER_OBJECT_CONVERSION = YES_AGGRESSIVE;
				CLANG_CXX_LANGUAGE_STANDARD = "gnu++14";
				CLANG_CXX_LIBRARY = "libc++";
				CLANG_ENABLE_MODULES = YES;
				CLANG_ENABLE_OBJC_ARC = YES;
				CLANG_ENABLE_OBJC_WEAK = YES;
				CLANG_WARN_BLOCK_CAPTURE_AUTORELEASING = YES;
				CLANG_WARN_BOOL_CONVERSION = YES;
				CLANG_WARN_COMMA = YES;
				CLANG_WARN_CONSTANT_CONVERSION = YES;
				CLANG_WARN_DEPRECATED_OBJC_IMPLEMENTATIONS = YES;
				CLANG_WARN_DIRECT_OBJC_ISA_USAGE = YES_ERROR;
				CLANG_WARN_DOCUMENTATION_COMMENTS = YES;
				CLANG_WARN_EMPTY_BODY = YES;
				CLANG_WARN_ENUM_CONVERSION = YES;
				CLANG_WARN_INFINITE_RECURSION = YES;
				CLANG_WARN_INT_CONVERSION = YES;
				CLANG_WARN_NON_LITERAL_NULL_CONVERSION = YES;
				CLANG_WARN_OBJC_IMPLICIT_RETAIN_SELF = YES;
				CLANG_WARN_OBJC_LITERAL_CONVERSION = YES;
				CLANG_WARN_OBJC_ROOT_CLASS = YES_ERROR;
				CLANG_WARN_QUOTED_INCLUDE_IN_FRAMEWORK_HEADER = YES;
				CLANG_WARN_RANGE_LOOP_ANALYSIS = YES;
				CLANG_WARN_STRICT_PROTOTYPES = YES;
				CLANG_WARN_SUSPICIOUS_MOVE = YES;
				CLANG_WARN_UNGUARDED_AVAILABILITY = YES_AGGRESSIVE;
				CLANG_WARN_UNREACHABLE_CODE = YES;
				CLANG_WARN__DUPLICATE_METHOD_MATCH = YES;
				COPY_PHASE_STRIP = NO;
				DEBUG_INFORMATION_FORMAT = "dwarf-with-dsym";
				ENABLE_NS_ASSERTIONS = NO;
				ENABLE_STRICT_OBJC_MSGSEND = YES;
				GCC_C_LANGUAGE_STANDARD = gnu11;
				GCC_NO_COMMON_BLOCKS = YES;
				GCC_WARN_64_TO_32_BIT_CONVERSION = YES;
				GCC_WARN_ABOUT_RETURN_TYPE = YES_ERROR;
				GCC_WARN_UNDECLARED_SELECTOR = YES;
				GCC_WARN_UNINITIALIZED_AUTOS = YES_AGGRESSIVE;
				GCC_WARN_UNUSED_FUNCTION = YES;
				GCC_WARN_UNUSED_VARIABLE = YES;
				IPHONEOS_DEPLOYMENT_TARGET = 14.3;
				MTL_ENABLE_DEBUG_INFO = NO;
				MTL_FAST_MATH = YES;
				SDKROOT = iphoneos;
				SWIFT_COMPILATION_MODE = wholemodule;
				SWIFT_OPTIMIZATION_LEVEL = "-O";
				VALIDATE_PRODUCT = YES;
			};
			name = Release;
		};
		6A97323E25BE1F3A0091CD47 /* Debug */ = {
			isa = XCBuildConfiguration;
			buildSettings = {
				ASSETCATALOG_COMPILER_APPICON_NAME = AppIcon;
				ASSETCATALOG_COMPILER_GLOBAL_ACCENT_COLOR_NAME = AccentColor;
				CODE_SIGN_STYLE = Automatic;
				DEVELOPMENT_TEAM = PV75JJV246;
				INFOPLIST_FILE = "Tip Calculator/Info.plist";
				LD_RUNPATH_SEARCH_PATHS = (
					"$(inherited)",
					"@executable_path/Frameworks",
				);
				PRODUCT_BUNDLE_IDENTIFIER = "com.niveda.Tip-Calculator";
				PRODUCT_NAME = "$(TARGET_NAME)";
				SWIFT_VERSION = 5.0;
				TARGETED_DEVICE_FAMILY = "1,2";
			};
			name = Debug;
		};
		6A97323F25BE1F3A0091CD47 /* Release */ = {
			isa = XCBuildConfiguration;
			buildSettings = {
				ASSETCATALOG_COMPILER_APPICON_NAME = AppIcon;
				ASSETCATALOG_COMPILER_GLOBAL_ACCENT_COLOR_NAME = AccentColor;
				CODE_SIGN_STYLE = Automatic;
				DEVELOPMENT_TEAM = PV75JJV246;
				INFOPLIST_FILE = "Tip Calculator/Info.plist";
				LD_RUNPATH_SEARCH_PATHS = (
					"$(inherited)",
					"@executable_path/Frameworks",
				);
				PRODUCT_BUNDLE_IDENTIFIER = "com.niveda.Tip-Calculator";
				PRODUCT_NAME = "$(TARGET_NAME)";
				SWIFT_VERSION = 5.0;
				TARGETED_DEVICE_FAMILY = "1,2";
			};
			name = Release;
		};
		6A97324125BE1F3A0091CD47 /* Debug */ = {
			isa = XCBuildConfiguration;
			buildSettings = {
				ALWAYS_EMBED_SWIFT_STANDARD_LIBRARIES = YES;
				BUNDLE_LOADER = "$(TEST_HOST)";
				CODE_SIGN_STYLE = Automatic;
				DEVELOPMENT_TEAM = PV75JJV246;
				INFOPLIST_FILE = "Tip CalculatorTests/Info.plist";
				IPHONEOS_DEPLOYMENT_TARGET = 14.3;
				LD_RUNPATH_SEARCH_PATHS = (
					"$(inherited)",
					"@executable_path/Frameworks",
					"@loader_path/Frameworks",
				);
				PRODUCT_BUNDLE_IDENTIFIER = "com.niveda.Tip-CalculatorTests";
				PRODUCT_NAME = "$(TARGET_NAME)";
				SWIFT_VERSION = 5.0;
				TARGETED_DEVICE_FAMILY = "1,2";
				TEST_HOST = "$(BUILT_PRODUCTS_DIR)/Tip Calculator.app/Tip Calculator";
			};
			name = Debug;
		};
		6A97324225BE1F3A0091CD47 /* Release */ = {
			isa = XCBuildConfiguration;
			buildSettings = {
				ALWAYS_EMBED_SWIFT_STANDARD_LIBRARIES = YES;
				BUNDLE_LOADER = "$(TEST_HOST)";
				CODE_SIGN_STYLE = Automatic;
				DEVELOPMENT_TEAM = PV75JJV246;
				INFOPLIST_FILE = "Tip CalculatorTests/Info.plist";
				IPHONEOS_DEPLOYMENT_TARGET = 14.3;
				LD_RUNPATH_SEARCH_PATHS = (
					"$(inherited)",
					"@executable_path/Frameworks",
					"@loader_path/Frameworks",
				);
				PRODUCT_BUNDLE_IDENTIFIER = "com.niveda.Tip-CalculatorTests";
				PRODUCT_NAME = "$(TARGET_NAME)";
				SWIFT_VERSION = 5.0;
				TARGETED_DEVICE_FAMILY = "1,2";
				TEST_HOST = "$(BUILT_PRODUCTS_DIR)/Tip Calculator.app/Tip Calculator";
			};
			name = Release;
		};
		6A97324425BE1F3A0091CD47 /* Debug */ = {
			isa = XCBuildConfiguration;
			buildSettings = {
				ALWAYS_EMBED_SWIFT_STANDARD_LIBRARIES = YES;
				CODE_SIGN_STYLE = Automatic;
				DEVELOPMENT_TEAM = PV75JJV246;
				INFOPLIST_FILE = "Tip CalculatorUITests/Info.plist";
				LD_RUNPATH_SEARCH_PATHS = (
					"$(inherited)",
					"@executable_path/Frameworks",
					"@loader_path/Frameworks",
				);
				PRODUCT_BUNDLE_IDENTIFIER = "com.niveda.Tip-CalculatorUITests";
				PRODUCT_NAME = "$(TARGET_NAME)";
				SWIFT_VERSION = 5.0;
				TARGETED_DEVICE_FAMILY = "1,2";
				TEST_TARGET_NAME = "Tip Calculator";
			};
			name = Debug;
		};
		6A97324525BE1F3A0091CD47 /* Release */ = {
			isa = XCBuildConfiguration;
			buildSettings = {
				ALWAYS_EMBED_SWIFT_STANDARD_LIBRARIES = YES;
				CODE_SIGN_STYLE = Automatic;
				DEVELOPMENT_TEAM = PV75JJV246;
				INFOPLIST_FILE = "Tip CalculatorUITests/Info.plist";
				LD_RUNPATH_SEARCH_PATHS = (
					"$(inherited)",
					"@executable_path/Frameworks",
					"@loader_path/Frameworks",
				);
				PRODUCT_BUNDLE_IDENTIFIER = "com.niveda.Tip-CalculatorUITests";
				PRODUCT_NAME = "$(TARGET_NAME)";
				SWIFT_VERSION = 5.0;
				TARGETED_DEVICE_FAMILY = "1,2";
				TEST_TARGET_NAME = "Tip Calculator";
			};
			name = Release;
		};
/* End XCBuildConfiguration section */

/* Begin XCConfigurationList section */
		6A97320E25BE1F340091CD47 /* Build configuration list for PBXProject "Tip Calculator" */ = {
			isa = XCConfigurationList;
			buildConfigurations = (
				6A97323B25BE1F3A0091CD47 /* Debug */,
				6A97323C25BE1F3A0091CD47 /* Release */,
			);
			defaultConfigurationIsVisible = 0;
			defaultConfigurationName = Release;
		};
		6A97323D25BE1F3A0091CD47 /* Build configuration list for PBXNativeTarget "Tip Calculator" */ = {
			isa = XCConfigurationList;
			buildConfigurations = (
				6A97323E25BE1F3A0091CD47 /* Debug */,
				6A97323F25BE1F3A0091CD47 /* Release */,
			);
			defaultConfigurationIsVisible = 0;
			defaultConfigurationName = Release;
		};
		6A97324025BE1F3A0091CD47 /* Build configuration list for PBXNativeTarget "Tip CalculatorTests" */ = {
			isa = XCConfigurationList;
			buildConfigurations = (
				6A97324125BE1F3A0091CD47 /* Debug */,
				6A97324225BE1F3A0091CD47 /* Release */,
			);
			defaultConfigurationIsVisible = 0;
			defaultConfigurationName = Release;
		};
		6A97324325BE1F3A0091CD47 /* Build configuration list for PBXNativeTarget "Tip CalculatorUITests" */ = {
			isa = XCConfigurationList;
			buildConfigurations = (
				6A97324425BE1F3A0091CD47 /* Debug */,
				6A97324525BE1F3A0091CD47 /* Release */,
			);
			defaultConfigurationIsVisible = 0;
			defaultConfigurationName = Release;
		};
/* End XCConfigurationList section */
	};
	rootObject = 6A97320B25BE1F340091CD47 /* Project object */;
}
